// !$*UTF8*$!
{
	archiveVersion = 1;
	classes = {
	};
	objectVersion = 50;
	objects = {

/* Begin PBXBuildFile section */
		AF5398602193E88700D91430 /* ProjectsViewController.swift in Sources */ = {isa = PBXBuildFile; fileRef = AF53985F2193E88700D91430 /* ProjectsViewController.swift */; };
		AF5398622193EC0500D91430 /* ProjectCell.swift in Sources */ = {isa = PBXBuildFile; fileRef = AF5398612193EC0500D91430 /* ProjectCell.swift */; };
		AF5398642193ED9B00D91430 /* Project.swift in Sources */ = {isa = PBXBuildFile; fileRef = AF5398632193ED9B00D91430 /* Project.swift */; };
		AF5398662193EF2200D91430 /* BetterRideApi.swift in Sources */ = {isa = PBXBuildFile; fileRef = AF5398652193EF2200D91430 /* BetterRideApi.swift */; };
		AF5398682193EF3900D91430 /* ProjectsResponse.swift in Sources */ = {isa = PBXBuildFile; fileRef = AF5398672193EF3900D91430 /* ProjectsResponse.swift */; };
		AF5398692193EF7D00D91430 /* Alamofire.framework in Frameworks */ = {isa = PBXBuildFile; fileRef = AFFDA8D121933AA3006661E7 /* Alamofire.framework */; };
		AF53986A2193EF7D00D91430 /* Alamofire.framework in Embed Frameworks */ = {isa = PBXBuildFile; fileRef = AFFDA8D121933AA3006661E7 /* Alamofire.framework */; settings = {ATTRIBUTES = (CodeSignOnCopy, RemoveHeadersOnCopy, ); }; };
		AFFDA8A8219335FC006661E7 /* AppDelegate.swift in Sources */ = {isa = PBXBuildFile; fileRef = AFFDA8A7219335FC006661E7 /* AppDelegate.swift */; };
		AFFDA8AA219335FC006661E7 /* WelcomeViewController.swift in Sources */ = {isa = PBXBuildFile; fileRef = AFFDA8A9219335FC006661E7 /* WelcomeViewController.swift */; };
		AFFDA8AD219335FC006661E7 /* Main.storyboard in Resources */ = {isa = PBXBuildFile; fileRef = AFFDA8AB219335FC006661E7 /* Main.storyboard */; };
		AFFDA8B0219335FC006661E7 /* iBetterRide.xcdatamodeld in Sources */ = {isa = PBXBuildFile; fileRef = AFFDA8AE219335FC006661E7 /* iBetterRide.xcdatamodeld */; };
		AFFDA8B22193360B006661E7 /* Assets.xcassets in Resources */ = {isa = PBXBuildFile; fileRef = AFFDA8B12193360B006661E7 /* Assets.xcassets */; };
		AFFDA8B52193360B006661E7 /* LaunchScreen.storyboard in Resources */ = {isa = PBXBuildFile; fileRef = AFFDA8B32193360B006661E7 /* LaunchScreen.storyboard */; };
		AFFDA90721938866006661E7 /* OperatorsViewController.swift in Sources */ = {isa = PBXBuildFile; fileRef = AFFDA90621938866006661E7 /* OperatorsViewController.swift */; };
		AFFDA9092193888D006661E7 /* AnalyticsViewController.swift in Sources */ = {isa = PBXBuildFile; fileRef = AFFDA9082193888D006661E7 /* AnalyticsViewController.swift */; };
		AFFDA90B219388B6006661E7 /* ProfileViewController.swift in Sources */ = {isa = PBXBuildFile; fileRef = AFFDA90A219388B6006661E7 /* ProfileViewController.swift */; };
		AFFDA90D219389DE006661E7 /* UImageViewExtension.swift in Sources */ = {isa = PBXBuildFile; fileRef = AFFDA90C219389DE006661E7 /* UImageViewExtension.swift */; };
/* End PBXBuildFile section */

/* Begin PBXContainerItemProxy section */
		AF53986B2193EF7D00D91430 /* PBXContainerItemProxy */ = {
			isa = PBXContainerItemProxy;
			containerPortal = AFFDA8C521933AA3006661E7 /* Alamofire.xcodeproj */;
			proxyType = 1;
			remoteGlobalIDString = F8111E3219A95C8B0040E7D1;
			remoteInfo = "Alamofire iOS";
		};
		AFFDA8D021933AA3006661E7 /* PBXContainerItemProxy */ = {
			isa = PBXContainerItemProxy;
			containerPortal = AFFDA8C521933AA3006661E7 /* Alamofire.xcodeproj */;
			proxyType = 2;
			remoteGlobalIDString = F8111E3319A95C8B0040E7D1;
			remoteInfo = "Alamofire iOS";
		};
		AFFDA8D221933AA3006661E7 /* PBXContainerItemProxy */ = {
			isa = PBXContainerItemProxy;
			containerPortal = AFFDA8C521933AA3006661E7 /* Alamofire.xcodeproj */;
			proxyType = 2;
			remoteGlobalIDString = F8111E3E19A95C8B0040E7D1;
			remoteInfo = "Alamofire iOS Tests";
		};
		AFFDA8D421933AA3006661E7 /* PBXContainerItemProxy */ = {
			isa = PBXContainerItemProxy;
			containerPortal = AFFDA8C521933AA3006661E7 /* Alamofire.xcodeproj */;
			proxyType = 2;
			remoteGlobalIDString = 4DD67C0B1A5C55C900ED2280;
			remoteInfo = "Alamofire macOS";
		};
		AFFDA8D621933AA3006661E7 /* PBXContainerItemProxy */ = {
			isa = PBXContainerItemProxy;
			containerPortal = AFFDA8C521933AA3006661E7 /* Alamofire.xcodeproj */;
			proxyType = 2;
			remoteGlobalIDString = F829C6B21A7A94F100A2CD59;
			remoteInfo = "Alamofire macOS Tests";
		};
		AFFDA8D821933AA3006661E7 /* PBXContainerItemProxy */ = {
			isa = PBXContainerItemProxy;
			containerPortal = AFFDA8C521933AA3006661E7 /* Alamofire.xcodeproj */;
			proxyType = 2;
			remoteGlobalIDString = 4CF626EF1BA7CB3E0011A099;
			remoteInfo = "Alamofire tvOS";
		};
		AFFDA8DA21933AA3006661E7 /* PBXContainerItemProxy */ = {
			isa = PBXContainerItemProxy;
			containerPortal = AFFDA8C521933AA3006661E7 /* Alamofire.xcodeproj */;
			proxyType = 2;
			remoteGlobalIDString = 4CF626F81BA7CB3E0011A099;
			remoteInfo = "Alamofire tvOS Tests";
		};
		AFFDA8DC21933AA3006661E7 /* PBXContainerItemProxy */ = {
			isa = PBXContainerItemProxy;
			containerPortal = AFFDA8C521933AA3006661E7 /* Alamofire.xcodeproj */;
			proxyType = 2;
			remoteGlobalIDString = E4202FE01B667AA100C997FB;
			remoteInfo = "Alamofire watchOS";
		};
/* End PBXContainerItemProxy section */

/* Begin PBXCopyFilesBuildPhase section */
		AF53986D2193EF7D00D91430 /* Embed Frameworks */ = {
			isa = PBXCopyFilesBuildPhase;
			buildActionMask = 2147483647;
			dstPath = "";
			dstSubfolderSpec = 10;
			files = (
				AF53986A2193EF7D00D91430 /* Alamofire.framework in Embed Frameworks */,
			);
			name = "Embed Frameworks";
			runOnlyForDeploymentPostprocessing = 0;
		};
/* End PBXCopyFilesBuildPhase section */

/* Begin PBXFileReference section */
		AF53985F2193E88700D91430 /* ProjectsViewController.swift */ = {isa = PBXFileReference; lastKnownFileType = sourcecode.swift; path = ProjectsViewController.swift; sourceTree = "<group>"; };
		AF5398612193EC0500D91430 /* ProjectCell.swift */ = {isa = PBXFileReference; lastKnownFileType = sourcecode.swift; path = ProjectCell.swift; sourceTree = "<group>"; };
		AF5398632193ED9B00D91430 /* Project.swift */ = {isa = PBXFileReference; lastKnownFileType = sourcecode.swift; path = Project.swift; sourceTree = "<group>"; };
		AF5398652193EF2200D91430 /* BetterRideApi.swift */ = {isa = PBXFileReference; lastKnownFileType = sourcecode.swift; path = BetterRideApi.swift; sourceTree = "<group>"; };
		AF5398672193EF3900D91430 /* ProjectsResponse.swift */ = {isa = PBXFileReference; lastKnownFileType = sourcecode.swift; path = ProjectsResponse.swift; sourceTree = "<group>"; };
		AFFDA8A4219335FC006661E7 /* iBetterRide.app */ = {isa = PBXFileReference; explicitFileType = wrapper.application; includeInIndex = 0; path = iBetterRide.app; sourceTree = BUILT_PRODUCTS_DIR; };
		AFFDA8A7219335FC006661E7 /* AppDelegate.swift */ = {isa = PBXFileReference; lastKnownFileType = sourcecode.swift; path = AppDelegate.swift; sourceTree = "<group>"; };
		AFFDA8A9219335FC006661E7 /* WelcomeViewController.swift */ = {isa = PBXFileReference; lastKnownFileType = sourcecode.swift; path = WelcomeViewController.swift; sourceTree = "<group>"; };
		AFFDA8AC219335FC006661E7 /* Base */ = {isa = PBXFileReference; lastKnownFileType = file.storyboard; name = Base; path = Base.lproj/Main.storyboard; sourceTree = "<group>"; };
		AFFDA8AF219335FC006661E7 /* iBetterRide.xcdatamodel */ = {isa = PBXFileReference; lastKnownFileType = wrapper.xcdatamodel; path = iBetterRide.xcdatamodel; sourceTree = "<group>"; };
		AFFDA8B12193360B006661E7 /* Assets.xcassets */ = {isa = PBXFileReference; lastKnownFileType = folder.assetcatalog; path = Assets.xcassets; sourceTree = "<group>"; };
		AFFDA8B42193360B006661E7 /* Base */ = {isa = PBXFileReference; lastKnownFileType = file.storyboard; name = Base; path = Base.lproj/LaunchScreen.storyboard; sourceTree = "<group>"; };
		AFFDA8B62193360B006661E7 /* Info.plist */ = {isa = PBXFileReference; lastKnownFileType = text.plist.xml; path = Info.plist; sourceTree = "<group>"; };
		AFFDA8C521933AA3006661E7 /* Alamofire.xcodeproj */ = {isa = PBXFileReference; lastKnownFileType = "wrapper.pb-project"; name = Alamofire.xcodeproj; path = Alamofire/Alamofire.xcodeproj; sourceTree = "<group>"; };
		AFFDA90621938866006661E7 /* OperatorsViewController.swift */ = {isa = PBXFileReference; lastKnownFileType = sourcecode.swift; path = OperatorsViewController.swift; sourceTree = "<group>"; };
		AFFDA9082193888D006661E7 /* AnalyticsViewController.swift */ = {isa = PBXFileReference; lastKnownFileType = sourcecode.swift; path = AnalyticsViewController.swift; sourceTree = "<group>"; };
		AFFDA90A219388B6006661E7 /* ProfileViewController.swift */ = {isa = PBXFileReference; lastKnownFileType = sourcecode.swift; path = ProfileViewController.swift; sourceTree = "<group>"; };
		AFFDA90C219389DE006661E7 /* UImageViewExtension.swift */ = {isa = PBXFileReference; lastKnownFileType = sourcecode.swift; path = UImageViewExtension.swift; sourceTree = "<group>"; };
/* End PBXFileReference section */

/* Begin PBXFrameworksBuildPhase section */
		AFFDA8A1219335FC006661E7 /* Frameworks */ = {
			isa = PBXFrameworksBuildPhase;
			buildActionMask = 2147483647;
			files = (
				AF5398692193EF7D00D91430 /* Alamofire.framework in Frameworks */,
			);
			runOnlyForDeploymentPostprocessing = 0;
		};
/* End PBXFrameworksBuildPhase section */

/* Begin PBXGroup section */
		AFFDA89B219335FC006661E7 = {
			isa = PBXGroup;
			children = (
				AFFDA8C521933AA3006661E7 /* Alamofire.xcodeproj */,
				AFFDA8A6219335FC006661E7 /* iBetterRide */,
				AFFDA8A5219335FC006661E7 /* Products */,
			);
			sourceTree = "<group>";
		};
		AFFDA8A5219335FC006661E7 /* Products */ = {
			isa = PBXGroup;
			children = (
				AFFDA8A4219335FC006661E7 /* iBetterRide.app */,
			);
			name = Products;
			sourceTree = "<group>";
		};
		AFFDA8A6219335FC006661E7 /* iBetterRide */ = {
			isa = PBXGroup;
			children = (
				AFFDA8C4219339E1006661E7 /* Main */,
				AFFDA8C3219339DB006661E7 /* Model */,
				AFFDA8C2219339D0006661E7 /* Network */,
				AFFDA8C1219339C8006661E7 /* Resource */,
				AFFDA8BE21933921006661E7 /* ViewController */,
				AFFDA8B62193360B006661E7 /* Info.plist */,
			);
			path = iBetterRide;
			sourceTree = "<group>";
		};
		AFFDA8BE21933921006661E7 /* ViewController */ = {
			isa = PBXGroup;
			children = (
				AFFDA8A9219335FC006661E7 /* WelcomeViewController.swift */,
				AFFDA90621938866006661E7 /* OperatorsViewController.swift */,
				AFFDA9082193888D006661E7 /* AnalyticsViewController.swift */,
				AFFDA90A219388B6006661E7 /* ProfileViewController.swift */,
				AFFDA90C219389DE006661E7 /* UImageViewExtension.swift */,
				AF53985F2193E88700D91430 /* ProjectsViewController.swift */,
				AF5398612193EC0500D91430 /* ProjectCell.swift */,
			);
			path = ViewController;
			sourceTree = "<group>";
		};
		AFFDA8C1219339C8006661E7 /* Resource */ = {
			isa = PBXGroup;
			children = (
				AFFDA8AB219335FC006661E7 /* Main.storyboard */,
				AFFDA8B12193360B006661E7 /* Assets.xcassets */,
				AFFDA8B32193360B006661E7 /* LaunchScreen.storyboard */,
			);
			path = Resource;
			sourceTree = "<group>";
		};
		AFFDA8C2219339D0006661E7 /* Network */ = {
			isa = PBXGroup;
			children = (
				AF5398652193EF2200D91430 /* BetterRideApi.swift */,
				AF5398672193EF3900D91430 /* ProjectsResponse.swift */,
			);
			path = Network;
			sourceTree = "<group>";
		};
		AFFDA8C3219339DB006661E7 /* Model */ = {
			isa = PBXGroup;
			children = (
				AFFDA8AE219335FC006661E7 /* iBetterRide.xcdatamodeld */,
				AF5398632193ED9B00D91430 /* Project.swift */,
			);
			path = Model;
			sourceTree = "<group>";
		};
		AFFDA8C4219339E1006661E7 /* Main */ = {
			isa = PBXGroup;
			children = (
				AFFDA8A7219335FC006661E7 /* AppDelegate.swift */,
			);
			path = Main;
			sourceTree = "<group>";
		};
		AFFDA8C621933AA3006661E7 /* Products */ = {
			isa = PBXGroup;
			children = (
				AFFDA8D121933AA3006661E7 /* Alamofire.framework */,
				AFFDA8D321933AA3006661E7 /* Alamofire iOS Tests.xctest */,
				AFFDA8D521933AA3006661E7 /* Alamofire.framework */,
				AFFDA8D721933AA3006661E7 /* Alamofire macOS Tests.xctest */,
				AFFDA8D921933AA3006661E7 /* Alamofire.framework */,
				AFFDA8DB21933AA3006661E7 /* Alamofire tvOS Tests.xctest */,
				AFFDA8DD21933AA3006661E7 /* Alamofire.framework */,
			);
			name = Products;
			sourceTree = "<group>";
		};
/* End PBXGroup section */

/* Begin PBXNativeTarget section */
		AFFDA8A3219335FC006661E7 /* iBetterRide */ = {
			isa = PBXNativeTarget;
			buildConfigurationList = AFFDA8B92193360B006661E7 /* Build configuration list for PBXNativeTarget "iBetterRide" */;
			buildPhases = (
				AFFDA8A0219335FC006661E7 /* Sources */,
				AFFDA8A1219335FC006661E7 /* Frameworks */,
				AFFDA8A2219335FC006661E7 /* Resources */,
				AF53986D2193EF7D00D91430 /* Embed Frameworks */,
			);
			buildRules = (
			);
			dependencies = (
				AF53986C2193EF7D00D91430 /* PBXTargetDependency */,
			);
			name = iBetterRide;
			productName = iBetterRide;
			productReference = AFFDA8A4219335FC006661E7 /* iBetterRide.app */;
			productType = "com.apple.product-type.application";
		};
/* End PBXNativeTarget section */

/* Begin PBXProject section */
		AFFDA89C219335FC006661E7 /* Project object */ = {
			isa = PBXProject;
			attributes = {
				LastSwiftUpdateCheck = 1010;
				LastUpgradeCheck = 1010;
				ORGANIZATIONNAME = "Better Ride";
				TargetAttributes = {
					AFFDA8A3219335FC006661E7 = {
						CreatedOnToolsVersion = 10.1;
					};
				};
			};
			buildConfigurationList = AFFDA89F219335FC006661E7 /* Build configuration list for PBXProject "iBetterRide" */;
			compatibilityVersion = "Xcode 9.3";
			developmentRegion = en;
			hasScannedForEncodings = 0;
			knownRegions = (
				en,
				Base,
			);
			mainGroup = AFFDA89B219335FC006661E7;
			productRefGroup = AFFDA8A5219335FC006661E7 /* Products */;
			projectDirPath = "";
			projectReferences = (
				{
					ProductGroup = AFFDA8C621933AA3006661E7 /* Products */;
					ProjectRef = AFFDA8C521933AA3006661E7 /* Alamofire.xcodeproj */;
				},
			);
			projectRoot = "";
			targets = (
				AFFDA8A3219335FC006661E7 /* iBetterRide */,
			);
		};
/* End PBXProject section */

/* Begin PBXReferenceProxy section */
		AFFDA8D121933AA3006661E7 /* Alamofire.framework */ = {
			isa = PBXReferenceProxy;
			fileType = wrapper.framework;
			path = Alamofire.framework;
			remoteRef = AFFDA8D021933AA3006661E7 /* PBXContainerItemProxy */;
			sourceTree = BUILT_PRODUCTS_DIR;
		};
		AFFDA8D321933AA3006661E7 /* Alamofire iOS Tests.xctest */ = {
			isa = PBXReferenceProxy;
			fileType = wrapper.cfbundle;
			path = "Alamofire iOS Tests.xctest";
			remoteRef = AFFDA8D221933AA3006661E7 /* PBXContainerItemProxy */;
			sourceTree = BUILT_PRODUCTS_DIR;
		};
		AFFDA8D521933AA3006661E7 /* Alamofire.framework */ = {
			isa = PBXReferenceProxy;
			fileType = wrapper.framework;
			path = Alamofire.framework;
			remoteRef = AFFDA8D421933AA3006661E7 /* PBXContainerItemProxy */;
			sourceTree = BUILT_PRODUCTS_DIR;
		};
		AFFDA8D721933AA3006661E7 /* Alamofire macOS Tests.xctest */ = {
			isa = PBXReferenceProxy;
			fileType = wrapper.cfbundle;
			path = "Alamofire macOS Tests.xctest";
			remoteRef = AFFDA8D621933AA3006661E7 /* PBXContainerItemProxy */;
			sourceTree = BUILT_PRODUCTS_DIR;
		};
		AFFDA8D921933AA3006661E7 /* Alamofire.framework */ = {
			isa = PBXReferenceProxy;
			fileType = wrapper.framework;
			path = Alamofire.framework;
			remoteRef = AFFDA8D821933AA3006661E7 /* PBXContainerItemProxy */;
			sourceTree = BUILT_PRODUCTS_DIR;
		};
		AFFDA8DB21933AA3006661E7 /* Alamofire tvOS Tests.xctest */ = {
			isa = PBXReferenceProxy;
			fileType = wrapper.cfbundle;
			path = "Alamofire tvOS Tests.xctest";
			remoteRef = AFFDA8DA21933AA3006661E7 /* PBXContainerItemProxy */;
			sourceTree = BUILT_PRODUCTS_DIR;
		};
		AFFDA8DD21933AA3006661E7 /* Alamofire.framework */ = {
			isa = PBXReferenceProxy;
			fileType = wrapper.framework;
			path = Alamofire.framework;
			remoteRef = AFFDA8DC21933AA3006661E7 /* PBXContainerItemProxy */;
			sourceTree = BUILT_PRODUCTS_DIR;
		};
/* End PBXReferenceProxy section */

/* Begin PBXResourcesBuildPhase section */
		AFFDA8A2219335FC006661E7 /* Resources */ = {
			isa = PBXResourcesBuildPhase;
			buildActionMask = 2147483647;
			files = (
				AFFDA8B52193360B006661E7 /* LaunchScreen.storyboard in Resources */,
				AFFDA8B22193360B006661E7 /* Assets.xcassets in Resources */,
				AFFDA8AD219335FC006661E7 /* Main.storyboard in Resources */,
			);
			runOnlyForDeploymentPostprocessing = 0;
		};
/* End PBXResourcesBuildPhase section */

/* Begin PBXSourcesBuildPhase section */
		AFFDA8A0219335FC006661E7 /* Sources */ = {
			isa = PBXSourcesBuildPhase;
			buildActionMask = 2147483647;
			files = (
				AF5398602193E88700D91430 /* ProjectsViewController.swift in Sources */,
				AFFDA8AA219335FC006661E7 /* WelcomeViewController.swift in Sources */,
				AFFDA8B0219335FC006661E7 /* iBetterRide.xcdatamodeld in Sources */,
				AF5398662193EF2200D91430 /* BetterRideApi.swift in Sources */,
				AF5398642193ED9B00D91430 /* Project.swift in Sources */,
				AFFDA8A8219335FC006661E7 /* AppDelegate.swift in Sources */,
				AF5398682193EF3900D91430 /* ProjectsResponse.swift in Sources */,
				AF5398622193EC0500D91430 /* ProjectCell.swift in Sources */,
				AFFDA90D219389DE006661E7 /* UImageViewExtension.swift in Sources */,
				AFFDA90B219388B6006661E7 /* ProfileViewController.swift in Sources */,
				AFFDA90721938866006661E7 /* OperatorsViewController.swift in Sources */,
				AFFDA9092193888D006661E7 /* AnalyticsViewController.swift in Sources */,
			);
			runOnlyForDeploymentPostprocessing = 0;
		};
/* End PBXSourcesBuildPhase section */

/* Begin PBXTargetDependency section */
		AF53986C2193EF7D00D91430 /* PBXTargetDependency */ = {
			isa = PBXTargetDependency;
			name = "Alamofire iOS";
			targetProxy = AF53986B2193EF7D00D91430 /* PBXContainerItemProxy */;
		};
/* End PBXTargetDependency section */

/* Begin PBXVariantGroup section */
		AFFDA8AB219335FC006661E7 /* Main.storyboard */ = {
			isa = PBXVariantGroup;
			children = (
				AFFDA8AC219335FC006661E7 /* Base */,
			);
			name = Main.storyboard;
			sourceTree = "<group>";
		};
		AFFDA8B32193360B006661E7 /* LaunchScreen.storyboard */ = {
			isa = PBXVariantGroup;
			children = (
				AFFDA8B42193360B006661E7 /* Base */,
			);
			name = LaunchScreen.storyboard;
			sourceTree = "<group>";
		};
/* End PBXVariantGroup section */

/* Begin XCBuildConfiguration section */
		AFFDA8B72193360B006661E7 /* Debug */ = {
			isa = XCBuildConfiguration;
			buildSettings = {
				ALWAYS_SEARCH_USER_PATHS = NO;
				CLANG_ANALYZER_NONNULL = YES;
				CLANG_ANALYZER_NUMBER_OBJECT_CONVERSION = YES_AGGRESSIVE;
				CLANG_CXX_LANGUAGE_STANDARD = "gnu++14";
				CLANG_CXX_LIBRARY = "libc++";
				CLANG_ENABLE_MODULES = YES;
				CLANG_ENABLE_OBJC_ARC = YES;
				CLANG_ENABLE_OBJC_WEAK = YES;
				CLANG_WARN_BLOCK_CAPTURE_AUTORELEASING = YES;
				CLANG_WARN_BOOL_CONVERSION = YES;
				CLANG_WARN_COMMA = YES;
				CLANG_WARN_CONSTANT_CONVERSION = YES;
				CLANG_WARN_DEPRECATED_OBJC_IMPLEMENTATIONS = YES;
				CLANG_WARN_DIRECT_OBJC_ISA_USAGE = YES_ERROR;
				CLANG_WARN_DOCUMENTATION_COMMENTS = YES;
				CLANG_WARN_EMPTY_BODY = YES;
				CLANG_WARN_ENUM_CONVERSION = YES;
				CLANG_WARN_INFINITE_RECURSION = YES;
				CLANG_WARN_INT_CONVERSION = YES;
				CLANG_WARN_NON_LITERAL_NULL_CONVERSION = YES;
				CLANG_WARN_OBJC_IMPLICIT_RETAIN_SELF = YES;
				CLANG_WARN_OBJC_LITERAL_CONVERSION = YES;
				CLANG_WARN_OBJC_ROOT_CLASS = YES_ERROR;
				CLANG_WARN_RANGE_LOOP_ANALYSIS = YES;
				CLANG_WARN_STRICT_PROTOTYPES = YES;
				CLANG_WARN_SUSPICIOUS_MOVE = YES;
				CLANG_WARN_UNGUARDED_AVAILABILITY = YES_AGGRESSIVE;
				CLANG_WARN_UNREACHABLE_CODE = YES;
				CLANG_WARN__DUPLICATE_METHOD_MATCH = YES;
				CODE_SIGN_IDENTITY = "iPhone Developer";
				COPY_PHASE_STRIP = NO;
				DEBUG_INFORMATION_FORMAT = dwarf;
				ENABLE_STRICT_OBJC_MSGSEND = YES;
				ENABLE_TESTABILITY = YES;
				GCC_C_LANGUAGE_STANDARD = gnu11;
				GCC_DYNAMIC_NO_PIC = NO;
				GCC_NO_COMMON_BLOCKS = YES;
				GCC_OPTIMIZATION_LEVEL = 0;
				GCC_PREPROCESSOR_DEFINITIONS = (
					"DEBUG=1",
					"$(inherited)",
				);
				GCC_WARN_64_TO_32_BIT_CONVERSION = YES;
				GCC_WARN_ABOUT_RETURN_TYPE = YES_ERROR;
				GCC_WARN_UNDECLARED_SELECTOR = YES;
				GCC_WARN_UNINITIALIZED_AUTOS = YES_AGGRESSIVE;
				GCC_WARN_UNUSED_FUNCTION = YES;
				GCC_WARN_UNUSED_VARIABLE = YES;
				IPHONEOS_DEPLOYMENT_TARGET = 12.1;
				MTL_ENABLE_DEBUG_INFO = INCLUDE_SOURCE;
				MTL_FAST_MATH = YES;
				ONLY_ACTIVE_ARCH = YES;
				SDKROOT = iphoneos;
				SWIFT_ACTIVE_COMPILATION_CONDITIONS = DEBUG;
				SWIFT_OPTIMIZATION_LEVEL = "-Onone";
			};
			name = Debug;
		};
		AFFDA8B82193360B006661E7 /* Release */ = {
			isa = XCBuildConfiguration;
			buildSettings = {
				ALWAYS_SEARCH_USER_PATHS = NO;
				CLANG_ANALYZER_NONNULL = YES;
				CLANG_ANALYZER_NUMBER_OBJECT_CONVERSION = YES_AGGRESSIVE;
				CLANG_CXX_LANGUAGE_STANDARD = "gnu++14";
				CLANG_CXX_LIBRARY = "libc++";
				CLANG_ENABLE_MODULES = YES;
				CLANG_ENABLE_OBJC_ARC = YES;
				CLANG_ENABLE_OBJC_WEAK = YES;
				CLANG_WARN_BLOCK_CAPTURE_AUTORELEASING = YES;
				CLANG_WARN_BOOL_CONVERSION = YES;
				CLANG_WARN_COMMA = YES;
				CLANG_WARN_CONSTANT_CONVERSION = YES;
				CLANG_WARN_DEPRECATED_OBJC_IMPLEMENTATIONS = YES;
				CLANG_WARN_DIRECT_OBJC_ISA_USAGE = YES_ERROR;
				CLANG_WARN_DOCUMENTATION_COMMENTS = YES;
				CLANG_WARN_EMPTY_BODY = YES;
				CLANG_WARN_ENUM_CONVERSION = YES;
				CLANG_WARN_INFINITE_RECURSION = YES;
				CLANG_WARN_INT_CONVERSION = YES;
				CLANG_WARN_NON_LITERAL_NULL_CONVERSION = YES;
				CLANG_WARN_OBJC_IMPLICIT_RETAIN_SELF = YES;
				CLANG_WARN_OBJC_LITERAL_CONVERSION = YES;
				CLANG_WARN_OBJC_ROOT_CLASS = YES_ERROR;
				CLANG_WARN_RANGE_LOOP_ANALYSIS = YES;
				CLANG_WARN_STRICT_PROTOTYPES = YES;
				CLANG_WARN_SUSPICIOUS_MOVE = YES;
				CLANG_WARN_UNGUARDED_AVAILABILITY = YES_AGGRESSIVE;
				CLANG_WARN_UNREACHABLE_CODE = YES;
				CLANG_WARN__DUPLICATE_METHOD_MATCH = YES;
				CODE_SIGN_IDENTITY = "iPhone Developer";
				COPY_PHASE_STRIP = NO;
				DEBUG_INFORMATION_FORMAT = "dwarf-with-dsym";
				ENABLE_NS_ASSERTIONS = NO;
				ENABLE_STRICT_OBJC_MSGSEND = YES;
				GCC_C_LANGUAGE_STANDARD = gnu11;
				GCC_NO_COMMON_BLOCKS = YES;
				GCC_WARN_64_TO_32_BIT_CONVERSION = YES;
				GCC_WARN_ABOUT_RETURN_TYPE = YES_ERROR;
				GCC_WARN_UNDECLARED_SELECTOR = YES;
				GCC_WARN_UNINITIALIZED_AUTOS = YES_AGGRESSIVE;
				GCC_WARN_UNUSED_FUNCTION = YES;
				GCC_WARN_UNUSED_VARIABLE = YES;
				IPHONEOS_DEPLOYMENT_TARGET = 12.1;
				MTL_ENABLE_DEBUG_INFO = NO;
				MTL_FAST_MATH = YES;
				SDKROOT = iphoneos;
				SWIFT_COMPILATION_MODE = wholemodule;
				SWIFT_OPTIMIZATION_LEVEL = "-O";
				VALIDATE_PRODUCT = YES;
			};
			name = Release;
		};
		AFFDA8BA2193360B006661E7 /* Debug */ = {
			isa = XCBuildConfiguration;
			buildSettings = {
				ALWAYS_EMBED_SWIFT_STANDARD_LIBRARIES = YES;
				ASSETCATALOG_COMPILER_APPICON_NAME = AppIcon;
				CODE_SIGN_STYLE = Automatic;
				DEVELOPMENT_TEAM = 93ZF29F58P;
				INFOPLIST_FILE = iBetterRide/Info.plist;
				IPHONEOS_DEPLOYMENT_TARGET = 12.1;
				LD_RUNPATH_SEARCH_PATHS = (
					"$(inherited)",
					"@executable_path/Frameworks",
				);
				PRODUCT_BUNDLE_IDENTIFIER = com.betterride.iBetterRide;
				PRODUCT_NAME = "$(TARGET_NAME)";
				SWIFT_VERSION = 4.2;
				TARGETED_DEVICE_FAMILY = 1;
			};
			name = Debug;
		};
		AFFDA8BB2193360B006661E7 /* Release */ = {
			isa = XCBuildConfiguration;
			buildSettings = {
				ALWAYS_EMBED_SWIFT_STANDARD_LIBRARIES = YES;
				ASSETCATALOG_COMPILER_APPICON_NAME = AppIcon;
				CODE_SIGN_STYLE = Automatic;
				DEVELOPMENT_TEAM = 93ZF29F58P;
				INFOPLIST_FILE = iBetterRide/Info.plist;
				IPHONEOS_DEPLOYMENT_TARGET = 12.1;
				LD_RUNPATH_SEARCH_PATHS = (
					"$(inherited)",
					"@executable_path/Frameworks",
				);
				PRODUCT_BUNDLE_IDENTIFIER = com.betterride.iBetterRide;
				PRODUCT_NAME = "$(TARGET_NAME)";
				SWIFT_VERSION = 4.2;
				TARGETED_DEVICE_FAMILY = 1;
			};
			name = Release;
		};
/* End XCBuildConfiguration section */

/* Begin XCConfigurationList section */
		AFFDA89F219335FC006661E7 /* Build configuration list for PBXProject "iBetterRide" */ = {
			isa = XCConfigurationList;
			buildConfigurations = (
				AFFDA8B72193360B006661E7 /* Debug */,
				AFFDA8B82193360B006661E7 /* Release */,
			);
			defaultConfigurationIsVisible = 0;
			defaultConfigurationName = Release;
		};
		AFFDA8B92193360B006661E7 /* Build configuration list for PBXNativeTarget "iBetterRide" */ = {
			isa = XCConfigurationList;
			buildConfigurations = (
				AFFDA8BA2193360B006661E7 /* Debug */,
				AFFDA8BB2193360B006661E7 /* Release */,
			);
			defaultConfigurationIsVisible = 0;
			defaultConfigurationName = Release;
		};
/* End XCConfigurationList section */

/* Begin XCVersionGroup section */
		AFFDA8AE219335FC006661E7 /* iBetterRide.xcdatamodeld */ = {
			isa = XCVersionGroup;
			children = (
				AFFDA8AF219335FC006661E7 /* iBetterRide.xcdatamodel */,
			);
			currentVersion = AFFDA8AF219335FC006661E7 /* iBetterRide.xcdatamodel */;
			path = iBetterRide.xcdatamodeld;
			sourceTree = "<group>";
			versionGroupType = wrapper.xcdatamodel;
		};
/* End XCVersionGroup section */
	};
	rootObject = AFFDA89C219335FC006661E7 /* Project object */;
}
